
Microsoft Visual Studio Solution File, Format Version 12.00
# Visual Studio Version 17
VisualStudioVersion = 17.12.35527.113
MinimumVisualStudioVersion = 10.0.40219.1
Project("{2150E333-8FDC-42A3-9474-1A3956D46DE8}") = "Services", "Services", "{E0B2566D-1783-4930-A5EA-F1B6F9A0A921}"
EndProject
Project("{FAE04EC0-301F-11D3-BF4B-00C04F79EFBC}") = "Catalog.API", "..\Services\Catalog.API\Catalog.API.csproj", "{95412401-22C4-4115-B093-1E028184F260}"
EndProject
Project("{FAE04EC0-301F-11D3-BF4B-00C04F79EFBC}") = "Basket.API", "..\Services\Basket.API\Basket.API.csproj", "{1F23B560-CAB8-4AD9-96D5-88314A242686}"
EndProject
Project("{FAE04EC0-301F-11D3-BF4B-00C04F79EFBC}") = "Discount.API", "..\Services\Discount.API\Discount.API.csproj", "{90038E99-2383-4928-9F6D-9BA8162FBDF4}"
EndProject
Global
	GlobalSection(SolutionConfigurationPlatforms) = preSolution
		Debug|Any CPU = Debug|Any CPU
		Release|Any CPU = Release|Any CPU
	EndGlobalSection
	GlobalSection(ProjectConfigurationPlatforms) = postSolution
		{95412401-22C4-4115-B093-1E028184F260}.Debug|Any CPU.ActiveCfg = Debug|Any CPU
		{95412401-22C4-4115-B093-1E028184F260}.Debug|Any CPU.Build.0 = Debug|Any CPU
		{95412401-22C4-4115-B093-1E028184F260}.Release|Any CPU.ActiveCfg = Release|Any CPU
		{95412401-22C4-4115-B093-1E028184F260}.Release|Any CPU.Build.0 = Release|Any CPU
		{1F23B560-CAB8-4AD9-96D5-88314A242686}.Debug|Any CPU.ActiveCfg = Debug|Any CPU
		{1F23B560-CAB8-4AD9-96D5-88314A242686}.Debug|Any CPU.Build.0 = Debug|Any CPU
		{1F23B560-CAB8-4AD9-96D5-88314A242686}.Release|Any CPU.ActiveCfg = Release|Any CPU
		{1F23B560-CAB8-4AD9-96D5-88314A242686}.Release|Any CPU.Build.0 = Release|Any CPU
		{90038E99-2383-4928-9F6D-9BA8162FBDF4}.Debug|Any CPU.ActiveCfg = Debug|Any CPU
		{90038E99-2383-4928-9F6D-9BA8162FBDF4}.Debug|Any CPU.Build.0 = Debug|Any CPU
		{90038E99-2383-4928-9F6D-9BA8162FBDF4}.Release|Any CPU.ActiveCfg = Release|Any CPU
		{90038E99-2383-4928-9F6D-9BA8162FBDF4}.Release|Any CPU.Build.0 = Release|Any CPU
	EndGlobalSection
	GlobalSection(SolutionProperties) = preSolution
		HideSolutionNode = FALSE
	EndGlobalSection
	GlobalSection(NestedProjects) = preSolution
		{95412401-22C4-4115-B093-1E028184F260} = {E0B2566D-1783-4930-A5EA-F1B6F9A0A921}
		{1F23B560-CAB8-4AD9-96D5-88314A242686} = {E0B2566D-1783-4930-A5EA-F1B6F9A0A921}
		{90038E99-2383-4928-9F6D-9BA8162FBDF4} = {E0B2566D-1783-4930-A5EA-F1B6F9A0A921}
	EndGlobalSection
EndGlobal
